
Microsoft Visual Studio Solution File, Format Version 10.00
# Visual C++ Express 2008
Project("{8BC9CEB8-8B4A-11D0-8D11-00A0C91BC942}") = "Kruspe", "Kruspe\Kruspe.vcproj", "{3A7BAF58-58EF-4F97-8096-3BDE5A2DE491}"
EndProject
Global
	GlobalSection(SolutionConfigurationPlatforms) = preSolution
		Debug|Win32 = Debug|Win32
		Release|Win32 = Release|Win32
	EndGlobalSection
	GlobalSection(ProjectConfigurationPlatforms) = postSolution
		{3A7BAF58-58EF-4F97-8096-3BDE5A2DE491}.Debug|Win32.ActiveCfg = Debug|Win32
		{3A7BAF58-58EF-4F97-8096-3BDE5A2DE491}.Debug|Win32.Build.0 = Debug|Win32
		{3A7BAF58-58EF-4F97-8096-3BDE5A2DE491}.Release|Win32.ActiveCfg = Release|Win32
		{3A7BAF58-58EF-4F97-8096-3BDE5A2DE491}.Release|Win32.Build.0 = Release|Win32
	EndGlobalSection
	GlobalSection(SolutionProperties) = preSolution
		HideSolutionNode = FALSE
	EndGlobalSection
EndGlobal
